// !$*UTF8*$!
{
	archiveVersion = 1;
	classes = {
	};
	objectVersion = 51;
	objects = {

/* Begin PBXBuildFile section */
		5985AC19257494C700535A53 /* AppDelegate.swift in Sources */ = {isa = PBXBuildFile; fileRef = 5985AC18257494C700535A53 /* AppDelegate.swift */; };
		5985AC1B257494C700535A53 /* SceneDelegate.swift in Sources */ = {isa = PBXBuildFile; fileRef = 5985AC1A257494C700535A53 /* SceneDelegate.swift */; };
		5985AC1D257494C700535A53 /* ViewController.swift in Sources */ = {isa = PBXBuildFile; fileRef = 5985AC1C257494C700535A53 /* ViewController.swift */; };
		5985AC20257494C700535A53 /* Main.storyboard in Resources */ = {isa = PBXBuildFile; fileRef = 5985AC1E257494C700535A53 /* Main.storyboard */; };
		5985AC22257494CC00535A53 /* Assets.xcassets in Resources */ = {isa = PBXBuildFile; fileRef = 5985AC21257494CC00535A53 /* Assets.xcassets */; };
		5985AC25257494CC00535A53 /* LaunchScreen.storyboard in Resources */ = {isa = PBXBuildFile; fileRef = 5985AC23257494CC00535A53 /* LaunchScreen.storyboard */; };
		5985AC8C2574AE4C00535A53 /* SignUpController.swift in Sources */ = {isa = PBXBuildFile; fileRef = 5985AC8B2574AE4C00535A53 /* SignUpController.swift */; };
		5985AC8F2574B00F00535A53 /* LogInController.swift in Sources */ = {isa = PBXBuildFile; fileRef = 5985AC8E2574B00F00535A53 /* LogInController.swift */; };
		5985AC922574B10500535A53 /* spinnerExtension.swift in Sources */ = {isa = PBXBuildFile; fileRef = 5985AC912574B10500535A53 /* spinnerExtension.swift */; };
		5985AC952574B96A00535A53 /* FeedViewController.swift in Sources */ = {isa = PBXBuildFile; fileRef = 5985AC942574B96A00535A53 /* FeedViewController.swift */; };
		CF3B591295FE5687B35B9F06 /* Pods_Naijahacks2020IOS.framework in Frameworks */ = {isa = PBXBuildFile; fileRef = 5399E5A89D046224928CEDF5 /* Pods_Naijahacks2020IOS.framework */; };
/* End PBXBuildFile section */

/* Begin PBXFileReference section */
		418B43EBA1133509C71E703A /* Pods-Naijahacks2020IOS.debug.xcconfig */ = {isa = PBXFileReference; includeInIndex = 1; lastKnownFileType = text.xcconfig; name = "Pods-Naijahacks2020IOS.debug.xcconfig"; path = "Target Support Files/Pods-Naijahacks2020IOS/Pods-Naijahacks2020IOS.debug.xcconfig"; sourceTree = "<group>"; };
		4F0374327AF7CBA5F718E85D /* Pods-Naijahacks2020IOS.release.xcconfig */ = {isa = PBXFileReference; includeInIndex = 1; lastKnownFileType = text.xcconfig; name = "Pods-Naijahacks2020IOS.release.xcconfig"; path = "Target Support Files/Pods-Naijahacks2020IOS/Pods-Naijahacks2020IOS.release.xcconfig"; sourceTree = "<group>"; };
		5399E5A89D046224928CEDF5 /* Pods_Naijahacks2020IOS.framework */ = {isa = PBXFileReference; explicitFileType = wrapper.framework; includeInIndex = 0; path = Pods_Naijahacks2020IOS.framework; sourceTree = BUILT_PRODUCTS_DIR; };
		5985AC15257494C700535A53 /* Naijahacks2020IOS.app */ = {isa = PBXFileReference; explicitFileType = wrapper.application; includeInIndex = 0; path = Naijahacks2020IOS.app; sourceTree = BUILT_PRODUCTS_DIR; };
		5985AC18257494C700535A53 /* AppDelegate.swift */ = {isa = PBXFileReference; lastKnownFileType = sourcecode.swift; path = AppDelegate.swift; sourceTree = "<group>"; };
		5985AC1A257494C700535A53 /* SceneDelegate.swift */ = {isa = PBXFileReference; lastKnownFileType = sourcecode.swift; path = SceneDelegate.swift; sourceTree = "<group>"; };
		5985AC1C257494C700535A53 /* ViewController.swift */ = {isa = PBXFileReference; lastKnownFileType = sourcecode.swift; path = ViewController.swift; sourceTree = "<group>"; };
		5985AC1F257494C700535A53 /* Base */ = {isa = PBXFileReference; lastKnownFileType = file.storyboard; name = Base; path = Base.lproj/Main.storyboard; sourceTree = "<group>"; };
		5985AC21257494CC00535A53 /* Assets.xcassets */ = {isa = PBXFileReference; lastKnownFileType = folder.assetcatalog; path = Assets.xcassets; sourceTree = "<group>"; };
		5985AC24257494CC00535A53 /* Base */ = {isa = PBXFileReference; lastKnownFileType = file.storyboard; name = Base; path = Base.lproj/LaunchScreen.storyboard; sourceTree = "<group>"; };
		5985AC26257494CC00535A53 /* Info.plist */ = {isa = PBXFileReference; lastKnownFileType = text.plist.xml; path = Info.plist; sourceTree = "<group>"; };
		5985AC8B2574AE4C00535A53 /* SignUpController.swift */ = {isa = PBXFileReference; lastKnownFileType = sourcecode.swift; path = SignUpController.swift; sourceTree = "<group>"; };
		5985AC8E2574B00F00535A53 /* LogInController.swift */ = {isa = PBXFileReference; lastKnownFileType = sourcecode.swift; path = LogInController.swift; sourceTree = "<group>"; };
		5985AC912574B10500535A53 /* spinnerExtension.swift */ = {isa = PBXFileReference; lastKnownFileType = sourcecode.swift; path = spinnerExtension.swift; sourceTree = "<group>"; };
		5985AC942574B96A00535A53 /* FeedViewController.swift */ = {isa = PBXFileReference; lastKnownFileType = sourcecode.swift; path = FeedViewController.swift; sourceTree = "<group>"; };
/* End PBXFileReference section */

/* Begin PBXFrameworksBuildPhase section */
		5985AC12257494C700535A53 /* Frameworks */ = {
			isa = PBXFrameworksBuildPhase;
			buildActionMask = 2147483647;
			files = (
				CF3B591295FE5687B35B9F06 /* Pods_Naijahacks2020IOS.framework in Frameworks */,
			);
			runOnlyForDeploymentPostprocessing = 0;
		};
/* End PBXFrameworksBuildPhase section */

/* Begin PBXGroup section */
		15E4323980092DE3BAE2EE1A /* Pods */ = {
			isa = PBXGroup;
			children = (
				418B43EBA1133509C71E703A /* Pods-Naijahacks2020IOS.debug.xcconfig */,
				4F0374327AF7CBA5F718E85D /* Pods-Naijahacks2020IOS.release.xcconfig */,
			);
			path = Pods;
			sourceTree = "<group>";
		};
		5985AC0C257494C700535A53 = {
			isa = PBXGroup;
			children = (
				5985AC17257494C700535A53 /* Naijahacks2020IOS */,
				5985AC16257494C700535A53 /* Products */,
				15E4323980092DE3BAE2EE1A /* Pods */,
				8472D87923D47A1EB29DD08A /* Frameworks */,
			);
			sourceTree = "<group>";
		};
		5985AC16257494C700535A53 /* Products */ = {
			isa = PBXGroup;
			children = (
				5985AC15257494C700535A53 /* Naijahacks2020IOS.app */,
			);
			name = Products;
			sourceTree = "<group>";
		};
		5985AC17257494C700535A53 /* Naijahacks2020IOS */ = {
			isa = PBXGroup;
			children = (
				5985AC892574AC9000535A53 /* LogIn */,
				5985AC702574A34000535A53 /* Utillity */,
				5985AC18257494C700535A53 /* AppDelegate.swift */,
				5985AC1A257494C700535A53 /* SceneDelegate.swift */,
				5985AC21257494CC00535A53 /* Assets.xcassets */,
				5985AC23257494CC00535A53 /* LaunchScreen.storyboard */,
				5985AC26257494CC00535A53 /* Info.plist */,
			);
			path = Naijahacks2020IOS;
			sourceTree = "<group>";
		};
		5985AC702574A34000535A53 /* Utillity */ = {
			isa = PBXGroup;
			children = (
				5985AC912574B10500535A53 /* spinnerExtension.swift */,
			);
			path = Utillity;
			sourceTree = "<group>";
		};
		5985AC892574AC9000535A53 /* LogIn */ = {
			isa = PBXGroup;
			children = (
				5985AC942574B96A00535A53 /* FeedViewController.swift */,
				5985AC1C257494C700535A53 /* ViewController.swift */,
				5985AC1E257494C700535A53 /* Main.storyboard */,
				5985AC8B2574AE4C00535A53 /* SignUpController.swift */,
				5985AC8E2574B00F00535A53 /* LogInController.swift */,
			);
			path = LogIn;
			sourceTree = "<group>";
		};
		8472D87923D47A1EB29DD08A /* Frameworks */ = {
			isa = PBXGroup;
			children = (
				5399E5A89D046224928CEDF5 /* Pods_Naijahacks2020IOS.framework */,
			);
			name = Frameworks;
			sourceTree = "<group>";
		};
/* End PBXGroup section */

/* Begin PBXNativeTarget section */
		5985AC14257494C700535A53 /* Naijahacks2020IOS */ = {
			isa = PBXNativeTarget;
			buildConfigurationList = 5985AC29257494CC00535A53 /* Build configuration list for PBXNativeTarget "Naijahacks2020IOS" */;
			buildPhases = (
				9156D83928AC9BD9A26393DD /* [CP] Check Pods Manifest.lock */,
				5985AC11257494C700535A53 /* Sources */,
				5985AC12257494C700535A53 /* Frameworks */,
				5985AC13257494C700535A53 /* Resources */,
				20820BE2DB6E1AFCCBBE80FC /* [CP] Embed Pods Frameworks */,
			);
			buildRules = (
			);
			dependencies = (
			);
			name = Naijahacks2020IOS;
			productName = Naijahacks2020IOS;
			productReference = 5985AC15257494C700535A53 /* Naijahacks2020IOS.app */;
			productType = "com.apple.product-type.application";
		};
/* End PBXNativeTarget section */

/* Begin PBXProject section */
		5985AC0D257494C700535A53 /* Project object */ = {
			isa = PBXProject;
			attributes = {
				LastSwiftUpdateCheck = 1220;
				LastUpgradeCheck = 1220;
				TargetAttributes = {
					5985AC14257494C700535A53 = {
						CreatedOnToolsVersion = 12.2;
					};
				};
			};
			buildConfigurationList = 5985AC10257494C700535A53 /* Build configuration list for PBXProject "Naijahacks2020IOS" */;
			compatibilityVersion = "Xcode 9.3";
			developmentRegion = en;
			hasScannedForEncodings = 0;
			knownRegions = (
				en,
				Base,
			);
			mainGroup = 5985AC0C257494C700535A53;
			productRefGroup = 5985AC16257494C700535A53 /* Products */;
			projectDirPath = "";
			projectRoot = "";
			targets = (
				5985AC14257494C700535A53 /* Naijahacks2020IOS */,
			);
		};
/* End PBXProject section */

/* Begin PBXResourcesBuildPhase section */
		5985AC13257494C700535A53 /* Resources */ = {
			isa = PBXResourcesBuildPhase;
			buildActionMask = 2147483647;
			files = (
				5985AC25257494CC00535A53 /* LaunchScreen.storyboard in Resources */,
				5985AC22257494CC00535A53 /* Assets.xcassets in Resources */,
				5985AC20257494C700535A53 /* Main.storyboard in Resources */,
			);
			runOnlyForDeploymentPostprocessing = 0;
		};
/* End PBXResourcesBuildPhase section */

/* Begin PBXShellScriptBuildPhase section */
		20820BE2DB6E1AFCCBBE80FC /* [CP] Embed Pods Frameworks */ = {
			isa = PBXShellScriptBuildPhase;
			buildActionMask = 2147483647;
			files = (
			);
			inputFileListPaths = (
				"${PODS_ROOT}/Target Support Files/Pods-Naijahacks2020IOS/Pods-Naijahacks2020IOS-frameworks-${CONFIGURATION}-input-files.xcfilelist",
			);
			name = "[CP] Embed Pods Frameworks";
			outputFileListPaths = (
				"${PODS_ROOT}/Target Support Files/Pods-Naijahacks2020IOS/Pods-Naijahacks2020IOS-frameworks-${CONFIGURATION}-output-files.xcfilelist",
			);
			runOnlyForDeploymentPostprocessing = 0;
			shellPath = /bin/sh;
			shellScript = "\"${PODS_ROOT}/Target Support Files/Pods-Naijahacks2020IOS/Pods-Naijahacks2020IOS-frameworks.sh\"\n";
			showEnvVarsInLog = 0;
		};
		9156D83928AC9BD9A26393DD /* [CP] Check Pods Manifest.lock */ = {
			isa = PBXShellScriptBuildPhase;
			buildActionMask = 2147483647;
			files = (
			);
			inputFileListPaths = (
			);
			inputPaths = (
				"${PODS_PODFILE_DIR_PATH}/Podfile.lock",
				"${PODS_ROOT}/Manifest.lock",
			);
			name = "[CP] Check Pods Manifest.lock";
			outputFileListPaths = (
			);
			outputPaths = (
				"$(DERIVED_FILE_DIR)/Pods-Naijahacks2020IOS-checkManifestLockResult.txt",
			);
			runOnlyForDeploymentPostprocessing = 0;
			shellPath = /bin/sh;
			shellScript = "diff \"${PODS_PODFILE_DIR_PATH}/Podfile.lock\" \"${PODS_ROOT}/Manifest.lock\" > /dev/null\nif [ $? != 0 ] ; then\n    # print error to STDERR\n    echo \"error: The sandbox is not in sync with the Podfile.lock. Run 'pod install' or update your CocoaPods installation.\" >&2\n    exit 1\nfi\n# This output is used by Xcode 'outputs' to avoid re-running this script phase.\necho \"SUCCESS\" > \"${SCRIPT_OUTPUT_FILE_0}\"\n";
			showEnvVarsInLog = 0;
		};
/* End PBXShellScriptBuildPhase section */

/* Begin PBXSourcesBuildPhase section */
		5985AC11257494C700535A53 /* Sources */ = {
			isa = PBXSourcesBuildPhase;
			buildActionMask = 2147483647;
			files = (
				5985AC1D257494C700535A53 /* ViewController.swift in Sources */,
				5985AC19257494C700535A53 /* AppDelegate.swift in Sources */,
				5985AC8F2574B00F00535A53 /* LogInController.swift in Sources */,
				5985AC1B257494C700535A53 /* SceneDelegate.swift in Sources */,
				5985AC8C2574AE4C00535A53 /* SignUpController.swift in Sources */,
				5985AC922574B10500535A53 /* spinnerExtension.swift in Sources */,
				5985AC952574B96A00535A53 /* FeedViewController.swift in Sources */,
			);
			runOnlyForDeploymentPostprocessing = 0;
		};
/* End PBXSourcesBuildPhase section */

/* Begin PBXVariantGroup section */
		5985AC1E257494C700535A53 /* Main.storyboard */ = {
			isa = PBXVariantGroup;
			children = (
				5985AC1F257494C700535A53 /* Base */,
			);
			name = Main.storyboard;
			sourceTree = "<group>";
		};
		5985AC23257494CC00535A53 /* LaunchScreen.storyboard */ = {
			isa = PBXVariantGroup;
			children = (
				5985AC24257494CC00535A53 /* Base */,
			);
			name = LaunchScreen.storyboard;
			sourceTree = "<group>";
		};
/* End PBXVariantGroup section */

/* Begin XCBuildConfiguration section */
		5985AC27257494CC00535A53 /* Debug */ = {
			isa = XCBuildConfiguration;
			buildSettings = {
				ALWAYS_SEARCH_USER_PATHS = NO;
				CLANG_ANALYZER_NONNULL = YES;
				CLANG_ANALYZER_NUMBER_OBJECT_CONVERSION = YES_AGGRESSIVE;
				CLANG_CXX_LANGUAGE_STANDARD = "gnu++14";
				CLANG_CXX_LIBRARY = "libc++";
				CLANG_ENABLE_MODULES = YES;
				CLANG_ENABLE_OBJC_ARC = YES;
				CLANG_ENABLE_OBJC_WEAK = YES;
				CLANG_WARN_BLOCK_CAPTURE_AUTORELEASING = YES;
				CLANG_WARN_BOOL_CONVERSION = YES;
				CLANG_WARN_COMMA = YES;
				CLANG_WARN_CONSTANT_CONVERSION = YES;
				CLANG_WARN_DEPRECATED_OBJC_IMPLEMENTATIONS = YES;
				CLANG_WARN_DIRECT_OBJC_ISA_USAGE = YES_ERROR;
				CLANG_WARN_DOCUMENTATION_COMMENTS = YES;
				CLANG_WARN_EMPTY_BODY = YES;
				CLANG_WARN_ENUM_CONVERSION = YES;
				CLANG_WARN_INFINITE_RECURSION = YES;
				CLANG_WARN_INT_CONVERSION = YES;
				CLANG_WARN_NON_LITERAL_NULL_CONVERSION = YES;
				CLANG_WARN_OBJC_IMPLICIT_RETAIN_SELF = YES;
				CLANG_WARN_OBJC_LITERAL_CONVERSION = YES;
				CLANG_WARN_OBJC_ROOT_CLASS = YES_ERROR;
				CLANG_WARN_QUOTED_INCLUDE_IN_FRAMEWORK_HEADER = YES;
				CLANG_WARN_RANGE_LOOP_ANALYSIS = YES;
				CLANG_WARN_STRICT_PROTOTYPES = YES;
				CLANG_WARN_SUSPICIOUS_MOVE = YES;
				CLANG_WARN_UNGUARDED_AVAILABILITY = YES_AGGRESSIVE;
				CLANG_WARN_UNREACHABLE_CODE = YES;
				CLANG_WARN__DUPLICATE_METHOD_MATCH = YES;
				COPY_PHASE_STRIP = NO;
				DEBUG_INFORMATION_FORMAT = dwarf;
				ENABLE_STRICT_OBJC_MSGSEND = YES;
				ENABLE_TESTABILITY = YES;
				GCC_C_LANGUAGE_STANDARD = gnu11;
				GCC_DYNAMIC_NO_PIC = NO;
				GCC_NO_COMMON_BLOCKS = YES;
				GCC_OPTIMIZATION_LEVEL = 0;
				GCC_PREPROCESSOR_DEFINITIONS = (
					"DEBUG=1",
					"$(inherited)",
				);
				GCC_WARN_64_TO_32_BIT_CONVERSION = YES;
				GCC_WARN_ABOUT_RETURN_TYPE = YES_ERROR;
				GCC_WARN_UNDECLARED_SELECTOR = YES;
				GCC_WARN_UNINITIALIZED_AUTOS = YES_AGGRESSIVE;
				GCC_WARN_UNUSED_FUNCTION = YES;
				GCC_WARN_UNUSED_VARIABLE = YES;
				IPHONEOS_DEPLOYMENT_TARGET = 14.2;
				MTL_ENABLE_DEBUG_INFO = INCLUDE_SOURCE;
				MTL_FAST_MATH = YES;
				ONLY_ACTIVE_ARCH = YES;
				SDKROOT = iphoneos;
				SWIFT_ACTIVE_COMPILATION_CONDITIONS = DEBUG;
				SWIFT_OPTIMIZATION_LEVEL = "-Onone";
			};
			name = Debug;
		};
		5985AC28257494CC00535A53 /* Release */ = {
			isa = XCBuildConfiguration;
			buildSettings = {
				ALWAYS_SEARCH_USER_PATHS = NO;
				CLANG_ANALYZER_NONNULL = YES;
				CLANG_ANALYZER_NUMBER_OBJECT_CONVERSION = YES_AGGRESSIVE;
				CLANG_CXX_LANGUAGE_STANDARD = "gnu++14";
				CLANG_CXX_LIBRARY = "libc++";
				CLANG_ENABLE_MODULES = YES;
				CLANG_ENABLE_OBJC_ARC = YES;
				CLANG_ENABLE_OBJC_WEAK = YES;
				CLANG_WARN_BLOCK_CAPTURE_AUTORELEASING = YES;
				CLANG_WARN_BOOL_CONVERSION = YES;
				CLANG_WARN_COMMA = YES;
				CLANG_WARN_CONSTANT_CONVERSION = YES;
				CLANG_WARN_DEPRECATED_OBJC_IMPLEMENTATIONS = YES;
				CLANG_WARN_DIRECT_OBJC_ISA_USAGE = YES_ERROR;
				CLANG_WARN_DOCUMENTATION_COMMENTS = YES;
				CLANG_WARN_EMPTY_BODY = YES;
				CLANG_WARN_ENUM_CONVERSION = YES;
				CLANG_WARN_INFINITE_RECURSION = YES;
				CLANG_WARN_INT_CONVERSION = YES;
				CLANG_WARN_NON_LITERAL_NULL_CONVERSION = YES;
				CLANG_WARN_OBJC_IMPLICIT_RETAIN_SELF = YES;
				CLANG_WARN_OBJC_LITERAL_CONVERSION = YES;
				CLANG_WARN_OBJC_ROOT_CLASS = YES_ERROR;
				CLANG_WARN_QUOTED_INCLUDE_IN_FRAMEWORK_HEADER = YES;
				CLANG_WARN_RANGE_LOOP_ANALYSIS = YES;
				CLANG_WARN_STRICT_PROTOTYPES = YES;
				CLANG_WARN_SUSPICIOUS_MOVE = YES;
				CLANG_WARN_UNGUARDED_AVAILABILITY = YES_AGGRESSIVE;
				CLANG_WARN_UNREACHABLE_CODE = YES;
				CLANG_WARN__DUPLICATE_METHOD_MATCH = YES;
				COPY_PHASE_STRIP = NO;
				DEBUG_INFORMATION_FORMAT = "dwarf-with-dsym";
				ENABLE_NS_ASSERTIONS = NO;
				ENABLE_STRICT_OBJC_MSGSEND = YES;
				GCC_C_LANGUAGE_STANDARD = gnu11;
				GCC_NO_COMMON_BLOCKS = YES;
				GCC_WARN_64_TO_32_BIT_CONVERSION = YES;
				GCC_WARN_ABOUT_RETURN_TYPE = YES_ERROR;
				GCC_WARN_UNDECLARED_SELECTOR = YES;
				GCC_WARN_UNINITIALIZED_AUTOS = YES_AGGRESSIVE;
				GCC_WARN_UNUSED_FUNCTION = YES;
				GCC_WARN_UNUSED_VARIABLE = YES;
				IPHONEOS_DEPLOYMENT_TARGET = 14.2;
				MTL_ENABLE_DEBUG_INFO = NO;
				MTL_FAST_MATH = YES;
				SDKROOT = iphoneos;
				SWIFT_COMPILATION_MODE = wholemodule;
				SWIFT_OPTIMIZATION_LEVEL = "-O";
				VALIDATE_PRODUCT = YES;
			};
			name = Release;
		};
		5985AC2A257494CC00535A53 /* Debug */ = {
			isa = XCBuildConfiguration;
			baseConfigurationReference = 418B43EBA1133509C71E703A /* Pods-Naijahacks2020IOS.debug.xcconfig */;
			buildSettings = {
				ASSETCATALOG_COMPILER_APPICON_NAME = AppIcon;
				ASSETCATALOG_COMPILER_GLOBAL_ACCENT_COLOR_NAME = AccentColor;
				CODE_SIGN_STYLE = Automatic;
				DEVELOPMENT_TEAM = 7RN744Z4B2;
				INFOPLIST_FILE = Naijahacks2020IOS/Info.plist;
				LD_RUNPATH_SEARCH_PATHS = (
					"$(inherited)",
					"@executable_path/Frameworks",
				);
				PRODUCT_BUNDLE_IDENTIFIER = com.ubi.Naijahacks2020IOS;
				PRODUCT_NAME = "$(TARGET_NAME)";
				SWIFT_VERSION = 5.0;
				TARGETED_DEVICE_FAMILY = "1,2";
			};
			name = Debug;
		};
		5985AC2B257494CC00535A53 /* Release */ = {
			isa = XCBuildConfiguration;
			baseConfigurationReference = 4F0374327AF7CBA5F718E85D /* Pods-Naijahacks2020IOS.release.xcconfig */;
			buildSettings = {
				ASSETCATALOG_COMPILER_APPICON_NAME = AppIcon;
				ASSETCATALOG_COMPILER_GLOBAL_ACCENT_COLOR_NAME = AccentColor;
				CODE_SIGN_STYLE = Automatic;
				DEVELOPMENT_TEAM = 7RN744Z4B2;
				INFOPLIST_FILE = Naijahacks2020IOS/Info.plist;
				LD_RUNPATH_SEARCH_PATHS = (
					"$(inherited)",
					"@executable_path/Frameworks",
				);
				PRODUCT_BUNDLE_IDENTIFIER = com.ubi.Naijahacks2020IOS;
				PRODUCT_NAME = "$(TARGET_NAME)";
				SWIFT_VERSION = 5.0;
				TARGETED_DEVICE_FAMILY = "1,2";
			};
			name = Release;
		};
/* End XCBuildConfiguration section */

/* Begin XCConfigurationList section */
		5985AC10257494C700535A53 /* Build configuration list for PBXProject "Naijahacks2020IOS" */ = {
			isa = XCConfigurationList;
			buildConfigurations = (
				5985AC27257494CC00535A53 /* Debug */,
				5985AC28257494CC00535A53 /* Release */,
			);
			defaultConfigurationIsVisible = 0;
			defaultConfigurationName = Release;
		};
		5985AC29257494CC00535A53 /* Build configuration list for PBXNativeTarget "Naijahacks2020IOS" */ = {
			isa = XCConfigurationList;
			buildConfigurations = (
				5985AC2A257494CC00535A53 /* Debug */,
				5985AC2B257494CC00535A53 /* Release */,
			);
			defaultConfigurationIsVisible = 0;
			defaultConfigurationName = Release;
		};
/* End XCConfigurationList section */
	};
	rootObject = 5985AC0D257494C700535A53 /* Project object */;
}
